
Microsoft Visual Studio Solution File, Format Version 12.00
# Visual Studio Version 17
VisualStudioVersion = 17.14.36109.1
MinimumVisualStudioVersion = 10.0.40219.1
Project("{FAE04EC0-301F-11D3-BF4B-00C04F79EFBC}") = "AIIntegrationsAPI", "ClaudeAPI\AIIntegrationsAPI.csproj", "{8456D3D2-2AEF-47B0-8F66-446C82BCC328}"
EndProject
Global
	GlobalSection(SolutionConfigurationPlatforms) = preSolution
		Debug|Any CPU = Debug|Any CPU
		Release|Any CPU = Release|Any CPU
	EndGlobalSection
	GlobalSection(ProjectConfigurationPlatforms) = postSolution
		{8456D3D2-2AEF-47B0-8F66-446C82BCC328}.Debug|Any CPU.ActiveCfg = Debug|Any CPU
		{8456D3D2-2AEF-47B0-8F66-446C82BCC328}.Debug|Any CPU.Build.0 = Debug|Any CPU
		{8456D3D2-2AEF-47B0-8F66-446C82BCC328}.Release|Any CPU.ActiveCfg = Release|Any CPU
		{8456D3D2-2AEF-47B0-8F66-446C82BCC328}.Release|Any CPU.Build.0 = Release|Any CPU
	EndGlobalSection
	GlobalSection(SolutionProperties) = preSolution
		HideSolutionNode = FALSE
	EndGlobalSection
	GlobalSection(ExtensibilityGlobals) = postSolution
		SolutionGuid = {ECF2AC75-3B72-45DC-91A7-C98A080374D5}
	EndGlobalSection
EndGlobal
